
Microsoft Visual Studio Solution File, Format Version 12.00
# Visual Studio 2012
Project("{FAE04EC0-301F-11D3-BF4B-00C04F79EFBC}") = "Fractals", "Fractals\Fractals.csproj", "{661C1E0B-3D33-4519-98FE-DB70F96A3317}"
EndProject
Project("{FAE04EC0-301F-11D3-BF4B-00C04F79EFBC}") = "BitmapFractal", "BitmapFractal\BitmapFractal.csproj", "{9A92514E-E07C-4E98-9EEF-B3C41D779C90}"
EndProject
Project("{FAE04EC0-301F-11D3-BF4B-00C04F79EFBC}") = "FractalsWPF", "FractalsWPF\FractalsWPF.csproj", "{A75A1DB7-A55D-49D5-ADE3-335F36588C1B}"
EndProject
Global
	GlobalSection(SolutionConfigurationPlatforms) = preSolution
		Debug|Any CPU = Debug|Any CPU
		Release|Any CPU = Release|Any CPU
	EndGlobalSection
	GlobalSection(ProjectConfigurationPlatforms) = postSolution
		{661C1E0B-3D33-4519-98FE-DB70F96A3317}.Debug|Any CPU.ActiveCfg = Debug|Any CPU
		{661C1E0B-3D33-4519-98FE-DB70F96A3317}.Debug|Any CPU.Build.0 = Debug|Any CPU
		{661C1E0B-3D33-4519-98FE-DB70F96A3317}.Release|Any CPU.ActiveCfg = Release|Any CPU
		{661C1E0B-3D33-4519-98FE-DB70F96A3317}.Release|Any CPU.Build.0 = Release|Any CPU
		{9A92514E-E07C-4E98-9EEF-B3C41D779C90}.Debug|Any CPU.ActiveCfg = Debug|Any CPU
		{9A92514E-E07C-4E98-9EEF-B3C41D779C90}.Debug|Any CPU.Build.0 = Debug|Any CPU
		{9A92514E-E07C-4E98-9EEF-B3C41D779C90}.Release|Any CPU.ActiveCfg = Release|Any CPU
		{9A92514E-E07C-4E98-9EEF-B3C41D779C90}.Release|Any CPU.Build.0 = Release|Any CPU
		{A75A1DB7-A55D-49D5-ADE3-335F36588C1B}.Debug|Any CPU.ActiveCfg = Debug|Any CPU
		{A75A1DB7-A55D-49D5-ADE3-335F36588C1B}.Debug|Any CPU.Build.0 = Debug|Any CPU
		{A75A1DB7-A55D-49D5-ADE3-335F36588C1B}.Release|Any CPU.ActiveCfg = Release|Any CPU
		{A75A1DB7-A55D-49D5-ADE3-335F36588C1B}.Release|Any CPU.Build.0 = Release|Any CPU
	EndGlobalSection
	GlobalSection(SolutionProperties) = preSolution
		HideSolutionNode = FALSE
	EndGlobalSection
EndGlobal
